
Microsoft Visual Studio Solution File, Format Version 12.00
# Visual Studio Version 17
VisualStudioVersion = 17.9.34616.47
MinimumVisualStudioVersion = 10.0.40219.1
Project("{FAE04EC0-301F-11D3-BF4B-00C04F79EFBC}") = "Proyecto #2 Pensamiento", "Proyecto #2 Pensamiento\Proyecto #2 Pensamiento.csproj", "{FF8F7E6D-4102-45CE-93CC-083217F70701}"
EndProject
Global
	GlobalSection(SolutionConfigurationPlatforms) = preSolution
		Debug|Any CPU = Debug|Any CPU
		Release|Any CPU = Release|Any CPU
	EndGlobalSection
	GlobalSection(ProjectConfigurationPlatforms) = postSolution
		{FF8F7E6D-4102-45CE-93CC-083217F70701}.Debug|Any CPU.ActiveCfg = Debug|Any CPU
		{FF8F7E6D-4102-45CE-93CC-083217F70701}.Debug|Any CPU.Build.0 = Debug|Any CPU
		{FF8F7E6D-4102-45CE-93CC-083217F70701}.Release|Any CPU.ActiveCfg = Release|Any CPU
		{FF8F7E6D-4102-45CE-93CC-083217F70701}.Release|Any CPU.Build.0 = Release|Any CPU
	EndGlobalSection
	GlobalSection(SolutionProperties) = preSolution
		HideSolutionNode = FALSE
	EndGlobalSection
	GlobalSection(ExtensibilityGlobals) = postSolution
		SolutionGuid = {D0BDE2BF-C103-4809-A35E-AF9019E57D1B}
	EndGlobalSection
EndGlobal
